
Microsoft Visual Studio Solution File, Format Version 12.00
# Visual Studio Version 17
VisualStudioVersion = 17.5.33530.505
MinimumVisualStudioVersion = 10.0.40219.1
Project("{9A19103F-16F7-4668-BE54-9A1E7A4F7556}") = "WebApplication2", "WebApplication2\WebApplication2.csproj", "{311DF4B1-E419-4F0C-A71B-9EB827866122}"
EndProject
Global
	GlobalSection(SolutionConfigurationPlatforms) = preSolution
		Debug|Any CPU = Debug|Any CPU
		Release|Any CPU = Release|Any CPU
	EndGlobalSection
	GlobalSection(ProjectConfigurationPlatforms) = postSolution
		{311DF4B1-E419-4F0C-A71B-9EB827866122}.Debug|Any CPU.ActiveCfg = Debug|Any CPU
		{311DF4B1-E419-4F0C-A71B-9EB827866122}.Debug|Any CPU.Build.0 = Debug|Any CPU
		{311DF4B1-E419-4F0C-A71B-9EB827866122}.Release|Any CPU.ActiveCfg = Release|Any CPU
		{311DF4B1-E419-4F0C-A71B-9EB827866122}.Release|Any CPU.Build.0 = Release|Any CPU
	EndGlobalSection
	GlobalSection(SolutionProperties) = preSolution
		HideSolutionNode = FALSE
	EndGlobalSection
	GlobalSection(ExtensibilityGlobals) = postSolution
		SolutionGuid = {54DBE39E-2900-4C43-B583-B4F13133C0A1}
	EndGlobalSection
EndGlobal
